
Microsoft Visual Studio Solution File, Format Version 12.00
# Visual Studio Version 17
VisualStudioVersion = 17.12.35521.163 d17.12
MinimumVisualStudioVersion = 10.0.40219.1
Project("{FAE04EC0-301F-11D3-BF4B-00C04F79EFBC}") = "SignalR", "SignalR\SignalR.csproj", "{147611B0-213C-4A04-A50D-5B545D7DA4EE}"
EndProject
Global
	GlobalSection(SolutionConfigurationPlatforms) = preSolution
		Debug|Any CPU = Debug|Any CPU
		Release|Any CPU = Release|Any CPU
	EndGlobalSection
	GlobalSection(ProjectConfigurationPlatforms) = postSolution
		{147611B0-213C-4A04-A50D-5B545D7DA4EE}.Debug|Any CPU.ActiveCfg = Debug|Any CPU
		{147611B0-213C-4A04-A50D-5B545D7DA4EE}.Debug|Any CPU.Build.0 = Debug|Any CPU
		{147611B0-213C-4A04-A50D-5B545D7DA4EE}.Release|Any CPU.ActiveCfg = Release|Any CPU
		{147611B0-213C-4A04-A50D-5B545D7DA4EE}.Release|Any CPU.Build.0 = Release|Any CPU
	EndGlobalSection
	GlobalSection(SolutionProperties) = preSolution
		HideSolutionNode = FALSE
	EndGlobalSection
EndGlobal
